
Microsoft Visual Studio Solution File, Format Version 9.00
# Visual Studio 2005
Project("{F184B08F-C81C-45F6-A57F-5ABD9991F28F}") = "RunAcam", "RunAcam\RunAcam.vbproj", "{BC12E9E3-237C-4356-AD23-7D62187DB81C}"
EndProject
Global
	GlobalSection(SolutionConfigurationPlatforms) = preSolution
		Debug|Any CPU = Debug|Any CPU
		Release|Any CPU = Release|Any CPU
	EndGlobalSection
	GlobalSection(ProjectConfigurationPlatforms) = postSolution
		{BC12E9E3-237C-4356-AD23-7D62187DB81C}.Debug|Any CPU.ActiveCfg = Debug|Any CPU
		{BC12E9E3-237C-4356-AD23-7D62187DB81C}.Debug|Any CPU.Build.0 = Debug|Any CPU
		{BC12E9E3-237C-4356-AD23-7D62187DB81C}.Release|Any CPU.ActiveCfg = Release|Any CPU
		{BC12E9E3-237C-4356-AD23-7D62187DB81C}.Release|Any CPU.Build.0 = Release|Any CPU
	EndGlobalSection
	GlobalSection(SolutionProperties) = preSolution
		HideSolutionNode = FALSE
	EndGlobalSection
EndGlobal
