
Microsoft Visual Studio Solution File, Format Version 12.00
# Visual Studio Version 16
VisualStudioVersion = 16.0.31205.134
MinimumVisualStudioVersion = 10.0.40219.1
Project("{8BC9CEB8-8B4A-11D0-8D11-00A0C91BC942}") = "EditableOpAddIn", "EditableOpAddIn.vcxproj", "{4A1DBD8E-7B98-4E40-B428-95175228E6F8}"
EndProject
Global
	GlobalSection(SolutionConfigurationPlatforms) = preSolution
		Debug|x64 = Debug|x64
		Release|x64 = Release|x64
	EndGlobalSection
	GlobalSection(ProjectConfigurationPlatforms) = postSolution
		{4A1DBD8E-7B98-4E40-B428-95175228E6F8}.Debug|x64.ActiveCfg = Debug|x64
		{4A1DBD8E-7B98-4E40-B428-95175228E6F8}.Debug|x64.Build.0 = Debug|x64
		{4A1DBD8E-7B98-4E40-B428-95175228E6F8}.Release|x64.ActiveCfg = Release|x64
		{4A1DBD8E-7B98-4E40-B428-95175228E6F8}.Release|x64.Build.0 = Release|x64
	EndGlobalSection
	GlobalSection(SolutionProperties) = preSolution
		HideSolutionNode = FALSE
	EndGlobalSection
	GlobalSection(ExtensibilityGlobals) = postSolution
		SolutionGuid = {0E0003D1-8CDC-4711-8356-C76B77E33761}
	EndGlobalSection
EndGlobal
