
Microsoft Visual Studio Solution File, Format Version 12.00
# Visual Studio Version 17
VisualStudioVersion = 17.4.33213.308
MinimumVisualStudioVersion = 10.0.40219.1
Project("{FAE04EC0-301F-11D3-BF4B-00C04F79EFBC}") = "ExamplePost1", "ExamplePost1.csproj", "{220FD238-F6F9-462B-91C0-3E3BE5683274}"
EndProject
Global
	GlobalSection(SolutionConfigurationPlatforms) = preSolution
		Debug|x64 = Debug|x64
		Release|x64 = Release|x64
	EndGlobalSection
	GlobalSection(ProjectConfigurationPlatforms) = postSolution
		{220FD238-F6F9-462B-91C0-3E3BE5683274}.Debug|x64.ActiveCfg = Debug|x64
		{220FD238-F6F9-462B-91C0-3E3BE5683274}.Debug|x64.Build.0 = Debug|x64
		{220FD238-F6F9-462B-91C0-3E3BE5683274}.Release|x64.ActiveCfg = Release|x64
		{220FD238-F6F9-462B-91C0-3E3BE5683274}.Release|x64.Build.0 = Release|x64
	EndGlobalSection
	GlobalSection(SolutionProperties) = preSolution
		HideSolutionNode = FALSE
	EndGlobalSection
	GlobalSection(ExtensibilityGlobals) = postSolution
		SolutionGuid = {9E27C17F-5424-4C8D-B2D0-96A8241B70CD}
	EndGlobalSection
EndGlobal
