
Microsoft Visual Studio Solution File, Format Version 12.00
# Visual Studio Version 16
VisualStudioVersion = 16.0.29409.12
MinimumVisualStudioVersion = 10.0.40219.1
Project("{FAE04EC0-301F-11D3-BF4B-00C04F79EFBC}") = "CSharpPage", "CSharpPage\CSharpPage.csproj", "{5EF427B7-0449-4785-A1E0-84AB2462A392}"
EndProject
Global
	GlobalSection(SolutionConfigurationPlatforms) = preSolution
		Debug|Any CPU = Debug|Any CPU
		Release|Any CPU = Release|Any CPU
	EndGlobalSection
	GlobalSection(ProjectConfigurationPlatforms) = postSolution
		{5EF427B7-0449-4785-A1E0-84AB2462A392}.Debug|Any CPU.ActiveCfg = Debug|Any CPU
		{5EF427B7-0449-4785-A1E0-84AB2462A392}.Debug|Any CPU.Build.0 = Debug|Any CPU
		{5EF427B7-0449-4785-A1E0-84AB2462A392}.Release|Any CPU.ActiveCfg = Release|Any CPU
		{5EF427B7-0449-4785-A1E0-84AB2462A392}.Release|Any CPU.Build.0 = Release|Any CPU
	EndGlobalSection
	GlobalSection(SolutionProperties) = preSolution
		HideSolutionNode = FALSE
	EndGlobalSection
	GlobalSection(ExtensibilityGlobals) = postSolution
		SolutionGuid = {5CBE7A8F-44E8-4F67-B12C-49CDA1E413EC}
	EndGlobalSection
EndGlobal
