
Microsoft Visual Studio Solution File, Format Version 12.00
# Visual Studio Version 16
VisualStudioVersion = 16.0.31205.134
MinimumVisualStudioVersion = 10.0.40219.1
Project("{8BC9CEB8-8B4A-11D0-8D11-00A0C91BC942}") = "AlphacamAddIn", "AlphacamAddIn\AlphacamAddIn.vcxproj", "{10013AC3-8D29-4227-A398-B6F06CE52D77}"
EndProject
Global
	GlobalSection(SolutionConfigurationPlatforms) = preSolution
		Debug|x64 = Debug|x64
		Release|x64 = Release|x64
	EndGlobalSection
	GlobalSection(ProjectConfigurationPlatforms) = postSolution
		{10013AC3-8D29-4227-A398-B6F06CE52D77}.Debug|x64.ActiveCfg = Debug|x64
		{10013AC3-8D29-4227-A398-B6F06CE52D77}.Debug|x64.Build.0 = Debug|x64
		{10013AC3-8D29-4227-A398-B6F06CE52D77}.Release|x64.ActiveCfg = Release|x64
		{10013AC3-8D29-4227-A398-B6F06CE52D77}.Release|x64.Build.0 = Release|x64
	EndGlobalSection
	GlobalSection(SolutionProperties) = preSolution
		HideSolutionNode = FALSE
	EndGlobalSection
	GlobalSection(ExtensibilityGlobals) = postSolution
		SolutionGuid = {F571F6F7-3929-4B9C-810F-1CC53554F928}
	EndGlobalSection
EndGlobal
