
Microsoft Visual Studio Solution File, Format Version 12.00
# Visual Studio Version 16
VisualStudioVersion = 16.0.31205.134
MinimumVisualStudioVersion = 10.0.40219.1
Project("{888888A0-9F3D-457C-B088-3A5042F75D52}") = "NestingFromCSV", "NestingFromCSV\NestingFromCSV.pyproj", "{5A4EC8A7-459F-4E57-88A4-F37253DEFF93}"
EndProject
Global
	GlobalSection(SolutionConfigurationPlatforms) = preSolution
		Debug|Any CPU = Debug|Any CPU
		Release|Any CPU = Release|Any CPU
	EndGlobalSection
	GlobalSection(ProjectConfigurationPlatforms) = postSolution
		{5A4EC8A7-459F-4E57-88A4-F37253DEFF93}.Debug|Any CPU.ActiveCfg = Debug|Any CPU
		{5A4EC8A7-459F-4E57-88A4-F37253DEFF93}.Release|Any CPU.ActiveCfg = Release|Any CPU
	EndGlobalSection
	GlobalSection(SolutionProperties) = preSolution
		HideSolutionNode = FALSE
	EndGlobalSection
	GlobalSection(ExtensibilityGlobals) = postSolution
		SolutionGuid = {DF36393C-2FE6-4905-81CF-09F746AC0871}
	EndGlobalSection
EndGlobal
